{
  "requires": true,
  "lockfileVersion": 1,
  "dependencies": {
    "webauthn-components": {
      "version": "0.2.6",
      "resolved": "https://registry.npmjs.org/webauthn-components/-/webauthn-components-0.2.6.tgz",
      "integrity": "sha512-L8ZrtmqV1XLunX0+TmuRmOixf4d8hc9Ds4JQ1os3olNTXHbDciesfB9KHgGHahgKLUDvbfaHG3v6BlGKNEbKnA=="
    }
  }
}
