{
  "requires": true,
  "lockfileVersion": 1,
  "dependencies": {
    "web-authn-components": {
      "version": "0.2.1",
      "resolved": "https://registry.npmjs.org/web-authn-components/-/web-authn-components-0.2.1.tgz",
      "integrity": "sha512-DCaLBd9G9ElK2JWVr/ByDD537cIcR3s/nWVQW8jea09dsLhh2Ncmow0Zvhgz8u8iRA7O0e9CacRTpiAiVZipqw=="
    }
  }
}
